
Microsoft Visual Studio Solution File, Format Version 12.00
# Visual Studio Version 17
VisualStudioVersion = 17.5.002.0
MinimumVisualStudioVersion = 10.0.40219.1
Project("{9A19103F-16F7-4668-BE54-9A1E7A4F7556}") = "IntroToCProject", "IntroToCProject.csproj", "{7C1D6E3C-5577-4BBC-8F25-0CEAE70625A6}"
EndProject
Global
	GlobalSection(SolutionConfigurationPlatforms) = preSolution
		Debug|Any CPU = Debug|Any CPU
		Release|Any CPU = Release|Any CPU
	EndGlobalSection
	GlobalSection(ProjectConfigurationPlatforms) = postSolution
		{7C1D6E3C-5577-4BBC-8F25-0CEAE70625A6}.Debug|Any CPU.ActiveCfg = Debug|Any CPU
		{7C1D6E3C-5577-4BBC-8F25-0CEAE70625A6}.Debug|Any CPU.Build.0 = Debug|Any CPU
		{7C1D6E3C-5577-4BBC-8F25-0CEAE70625A6}.Release|Any CPU.ActiveCfg = Release|Any CPU
		{7C1D6E3C-5577-4BBC-8F25-0CEAE70625A6}.Release|Any CPU.Build.0 = Release|Any CPU
	EndGlobalSection
	GlobalSection(SolutionProperties) = preSolution
		HideSolutionNode = FALSE
	EndGlobalSection
	GlobalSection(ExtensibilityGlobals) = postSolution
		SolutionGuid = {73BE1281-D528-415F-8FE6-71602CDD19D0}
	EndGlobalSection
EndGlobal
